// !$*UTF8*$!
{
	archiveVersion = 1;
	classes = {
	};
	objectVersion = 50;
	objects = {

/* Begin PBXBuildFile section */
		394A38BD23413F6300699906 /* libsystemc.dylib in Frameworks */ = {isa = PBXBuildFile; fileRef = 39C2A2E423413CE000071804 /* libsystemc.dylib */; };
		394A38C0234140CA00699906 /* fifo.cpp in Sources */ = {isa = PBXBuildFile; fileRef = 394A38BE234140CA00699906 /* fifo.cpp */; };
		394A38C223416B7700699906 /* sc_spawn_test.cpp in Sources */ = {isa = PBXBuildFile; fileRef = 394A38C123416B7700699906 /* sc_spawn_test.cpp */; };
		396B8584234519E300FE3A93 /* icache.cpp in Sources */ = {isa = PBXBuildFile; fileRef = 396B8582234519E300FE3A93 /* icache.cpp */; };
		396B858723467AE200FE3A93 /* transaction.cpp in Sources */ = {isa = PBXBuildFile; fileRef = 396B858523467AE200FE3A93 /* transaction.cpp */; };
		396B858A23467BB900FE3A93 /* instruction.cpp in Sources */ = {isa = PBXBuildFile; fileRef = 396B858823467BB900FE3A93 /* instruction.cpp */; };
		396B858D2346808400FE3A93 /* shader.cpp in Sources */ = {isa = PBXBuildFile; fileRef = 396B858B2346808400FE3A93 /* shader.cpp */; };
		396B85912346888A00FE3A93 /* ShaderTest.cpp in Sources */ = {isa = PBXBuildFile; fileRef = 396B858F2346888A00FE3A93 /* ShaderTest.cpp */; };
		396B85942346922800FE3A93 /* ICachTest.cpp in Sources */ = {isa = PBXBuildFile; fileRef = 396B85922346922800FE3A93 /* ICachTest.cpp */; };
		3992C11F2381B00B002CA200 /* Initiator.cpp in Sources */ = {isa = PBXBuildFile; fileRef = 3992C11D2381B00B002CA200 /* Initiator.cpp */; };
		3992C1222381B056002CA200 /* Target.cpp in Sources */ = {isa = PBXBuildFile; fileRef = 3992C1202381B056002CA200 /* Target.cpp */; };
		3992C1252381B088002CA200 /* Top.cpp in Sources */ = {isa = PBXBuildFile; fileRef = 3992C1232381B088002CA200 /* Top.cpp */; };
		3992C1282381B0E6002CA200 /* Testbench.cpp in Sources */ = {isa = PBXBuildFile; fileRef = 3992C1262381B0E6002CA200 /* Testbench.cpp */; };
		3992C1372381B91B002CA200 /* at_example.cpp in Sources */ = {isa = PBXBuildFile; fileRef = 3992C1352381B91B002CA200 /* at_example.cpp */; };
		3992C488238306E2002CA200 /* Master.cpp in Sources */ = {isa = PBXBuildFile; fileRef = 3992C487238306E2002CA200 /* Master.cpp */; };
		3992C48C23835F09002CA200 /* warp.cpp in Sources */ = {isa = PBXBuildFile; fileRef = 3992C48A23835F09002CA200 /* warp.cpp */; };
		3992C48F2383619A002CA200 /* warps_pool.cpp in Sources */ = {isa = PBXBuildFile; fileRef = 3992C48D2383619A002CA200 /* warps_pool.cpp */; };
		39C2A2DD23413BE400071804 /* main.cpp in Sources */ = {isa = PBXBuildFile; fileRef = 39C2A2DC23413BE400071804 /* main.cpp */; };
/* End PBXBuildFile section */

/* Begin PBXCopyFilesBuildPhase section */
		39C2A2D723413BE400071804 /* CopyFiles */ = {
			isa = PBXCopyFilesBuildPhase;
			buildActionMask = 2147483647;
			dstPath = /usr/share/man/man1/;
			dstSubfolderSpec = 0;
			files = (
			);
			runOnlyForDeploymentPostprocessing = 1;
		};
/* End PBXCopyFilesBuildPhase section */

/* Begin PBXFileReference section */
		394A38BE234140CA00699906 /* fifo.cpp */ = {isa = PBXFileReference; lastKnownFileType = sourcecode.cpp.cpp; path = fifo.cpp; sourceTree = "<group>"; };
		394A38BF234140CA00699906 /* fifo.hpp */ = {isa = PBXFileReference; lastKnownFileType = sourcecode.cpp.h; path = fifo.hpp; sourceTree = "<group>"; };
		394A38C123416B7700699906 /* sc_spawn_test.cpp */ = {isa = PBXFileReference; lastKnownFileType = sourcecode.cpp.cpp; path = sc_spawn_test.cpp; sourceTree = "<group>"; };
		396B8582234519E300FE3A93 /* icache.cpp */ = {isa = PBXFileReference; lastKnownFileType = sourcecode.cpp.cpp; path = icache.cpp; sourceTree = "<group>"; };
		396B8583234519E300FE3A93 /* icache.hpp */ = {isa = PBXFileReference; lastKnownFileType = sourcecode.cpp.h; path = icache.hpp; sourceTree = "<group>"; };
		396B858523467AE200FE3A93 /* transaction.cpp */ = {isa = PBXFileReference; lastKnownFileType = sourcecode.cpp.cpp; path = transaction.cpp; sourceTree = "<group>"; };
		396B858623467AE200FE3A93 /* transaction.hpp */ = {isa = PBXFileReference; lastKnownFileType = sourcecode.cpp.h; path = transaction.hpp; sourceTree = "<group>"; };
		396B858823467BB900FE3A93 /* instruction.cpp */ = {isa = PBXFileReference; lastKnownFileType = sourcecode.cpp.cpp; path = instruction.cpp; sourceTree = "<group>"; };
		396B858923467BB900FE3A93 /* instruction.hpp */ = {isa = PBXFileReference; lastKnownFileType = sourcecode.cpp.h; path = instruction.hpp; sourceTree = "<group>"; };
		396B858B2346808400FE3A93 /* shader.cpp */ = {isa = PBXFileReference; lastKnownFileType = sourcecode.cpp.cpp; path = shader.cpp; sourceTree = "<group>"; };
		396B858C2346808400FE3A93 /* shader.hpp */ = {isa = PBXFileReference; lastKnownFileType = sourcecode.cpp.h; path = shader.hpp; sourceTree = "<group>"; };
		396B858F2346888A00FE3A93 /* ShaderTest.cpp */ = {isa = PBXFileReference; lastKnownFileType = sourcecode.cpp.cpp; path = ShaderTest.cpp; sourceTree = "<group>"; };
		396B85902346888A00FE3A93 /* ShaderTest.hpp */ = {isa = PBXFileReference; lastKnownFileType = sourcecode.cpp.h; path = ShaderTest.hpp; sourceTree = "<group>"; };
		396B85922346922800FE3A93 /* ICachTest.cpp */ = {isa = PBXFileReference; lastKnownFileType = sourcecode.cpp.cpp; path = ICachTest.cpp; sourceTree = "<group>"; };
		396B85932346922800FE3A93 /* ICachTest.hpp */ = {isa = PBXFileReference; lastKnownFileType = sourcecode.cpp.h; path = ICachTest.hpp; sourceTree = "<group>"; };
		3992C11D2381B00B002CA200 /* Initiator.cpp */ = {isa = PBXFileReference; lastKnownFileType = sourcecode.cpp.cpp; path = Initiator.cpp; sourceTree = "<group>"; };
		3992C11E2381B00B002CA200 /* Initiator.hpp */ = {isa = PBXFileReference; lastKnownFileType = sourcecode.cpp.h; path = Initiator.hpp; sourceTree = "<group>"; };
		3992C1202381B056002CA200 /* Target.cpp */ = {isa = PBXFileReference; lastKnownFileType = sourcecode.cpp.cpp; path = Target.cpp; sourceTree = "<group>"; };
		3992C1212381B056002CA200 /* Target.hpp */ = {isa = PBXFileReference; lastKnownFileType = sourcecode.cpp.h; path = Target.hpp; sourceTree = "<group>"; };
		3992C1232381B088002CA200 /* Top.cpp */ = {isa = PBXFileReference; lastKnownFileType = sourcecode.cpp.cpp; path = Top.cpp; sourceTree = "<group>"; };
		3992C1242381B088002CA200 /* Top.hpp */ = {isa = PBXFileReference; lastKnownFileType = sourcecode.cpp.h; path = Top.hpp; sourceTree = "<group>"; };
		3992C1262381B0E6002CA200 /* Testbench.cpp */ = {isa = PBXFileReference; lastKnownFileType = sourcecode.cpp.cpp; path = Testbench.cpp; sourceTree = "<group>"; };
		3992C1272381B0E6002CA200 /* Testbench.hpp */ = {isa = PBXFileReference; lastKnownFileType = sourcecode.cpp.h; path = Testbench.hpp; sourceTree = "<group>"; };
		3992C12A2381B91B002CA200 /* at_typeb_target.h */ = {isa = PBXFileReference; fileEncoding = 4; lastKnownFileType = sourcecode.c.h; path = at_typeb_target.h; sourceTree = "<group>"; };
		3992C12B2381B91B002CA200 /* at_typec_target.h */ = {isa = PBXFileReference; fileEncoding = 4; lastKnownFileType = sourcecode.c.h; path = at_typec_target.h; sourceTree = "<group>"; };
		3992C12C2381B91B002CA200 /* at_example_proj.vcproj */ = {isa = PBXFileReference; fileEncoding = 4; lastKnownFileType = text.xml; path = at_example_proj.vcproj; sourceTree = "<group>"; };
		3992C12D2381B91B002CA200 /* mm.h */ = {isa = PBXFileReference; fileEncoding = 4; lastKnownFileType = sourcecode.c.h; path = mm.h; sourceTree = "<group>"; };
		3992C12E2381B91B002CA200 /* common_header.h */ = {isa = PBXFileReference; fileEncoding = 4; lastKnownFileType = sourcecode.c.h; path = common_header.h; sourceTree = "<group>"; };
		3992C12F2381B91B002CA200 /* at_typee_target.h */ = {isa = PBXFileReference; fileEncoding = 4; lastKnownFileType = sourcecode.c.h; path = at_typee_target.h; sourceTree = "<group>"; };
		3992C1302381B91B002CA200 /* at_typed_target.h */ = {isa = PBXFileReference; fileEncoding = 4; lastKnownFileType = sourcecode.c.h; path = at_typed_target.h; sourceTree = "<group>"; };
		3992C1312381B91B002CA200 /* tlm2_base_protocol_checker.h */ = {isa = PBXFileReference; fileEncoding = 4; lastKnownFileType = sourcecode.c.h; path = tlm2_base_protocol_checker.h; sourceTree = "<group>"; };
		3992C1322381B91B002CA200 /* at_typea_initiator.h */ = {isa = PBXFileReference; fileEncoding = 4; lastKnownFileType = sourcecode.c.h; path = at_typea_initiator.h; sourceTree = "<group>"; };
		3992C1332381B91B002CA200 /* at_interconnect.h */ = {isa = PBXFileReference; fileEncoding = 4; lastKnownFileType = sourcecode.c.h; path = at_interconnect.h; sourceTree = "<group>"; };
		3992C1342381B91B002CA200 /* at_typea_target.h */ = {isa = PBXFileReference; fileEncoding = 4; lastKnownFileType = sourcecode.c.h; path = at_typea_target.h; sourceTree = "<group>"; };
		3992C1352381B91B002CA200 /* at_example.cpp */ = {isa = PBXFileReference; fileEncoding = 4; lastKnownFileType = sourcecode.cpp.cpp; path = at_example.cpp; sourceTree = "<group>"; };
		3992C1362381B91B002CA200 /* at_typeb_initiator.h */ = {isa = PBXFileReference; fileEncoding = 4; lastKnownFileType = sourcecode.c.h; path = at_typeb_initiator.h; sourceTree = "<group>"; };
		3992C486238306DE002CA200 /* Master.hpp */ = {isa = PBXFileReference; lastKnownFileType = sourcecode.cpp.h; path = Master.hpp; sourceTree = "<group>"; };
		3992C487238306E2002CA200 /* Master.cpp */ = {isa = PBXFileReference; lastKnownFileType = sourcecode.cpp.cpp; path = Master.cpp; sourceTree = "<group>"; };
		3992C4892383098B002CA200 /* reporting.h */ = {isa = PBXFileReference; lastKnownFileType = sourcecode.c.h; path = reporting.h; sourceTree = "<group>"; };
		3992C48A23835F09002CA200 /* warp.cpp */ = {isa = PBXFileReference; lastKnownFileType = sourcecode.cpp.cpp; path = warp.cpp; sourceTree = "<group>"; };
		3992C48B23835F09002CA200 /* warp.hpp */ = {isa = PBXFileReference; lastKnownFileType = sourcecode.cpp.h; path = warp.hpp; sourceTree = "<group>"; };
		3992C48D2383619A002CA200 /* warps_pool.cpp */ = {isa = PBXFileReference; lastKnownFileType = sourcecode.cpp.cpp; path = warps_pool.cpp; sourceTree = "<group>"; };
		3992C48E2383619A002CA200 /* warps_pool.hpp */ = {isa = PBXFileReference; lastKnownFileType = sourcecode.cpp.h; path = warps_pool.hpp; sourceTree = "<group>"; };
		39C2A2D923413BE400071804 /* SystemCEvents */ = {isa = PBXFileReference; explicitFileType = "compiled.mach-o.executable"; includeInIndex = 0; path = SystemCEvents; sourceTree = BUILT_PRODUCTS_DIR; };
		39C2A2DC23413BE400071804 /* main.cpp */ = {isa = PBXFileReference; lastKnownFileType = sourcecode.cpp.cpp; path = main.cpp; sourceTree = "<group>"; };
		39C2A2E423413CE000071804 /* libsystemc.dylib */ = {isa = PBXFileReference; lastKnownFileType = "compiled.mach-o.dylib"; name = libsystemc.dylib; path = "../../../../../usr/local/systemc-2.3.3/lib/libsystemc.dylib"; sourceTree = "<group>"; };
/* End PBXFileReference section */

/* Begin PBXFrameworksBuildPhase section */
		39C2A2D623413BE400071804 /* Frameworks */ = {
			isa = PBXFrameworksBuildPhase;
			buildActionMask = 2147483647;
			files = (
				394A38BD23413F6300699906 /* libsystemc.dylib in Frameworks */,
			);
			runOnlyForDeploymentPostprocessing = 0;
		};
/* End PBXFrameworksBuildPhase section */

/* Begin PBXGroup section */
		396B858E2346886700FE3A93 /* tests */ = {
			isa = PBXGroup;
			children = (
				396B858F2346888A00FE3A93 /* ShaderTest.cpp */,
				396B85902346888A00FE3A93 /* ShaderTest.hpp */,
				396B85922346922800FE3A93 /* ICachTest.cpp */,
				396B85932346922800FE3A93 /* ICachTest.hpp */,
			);
			path = tests;
			sourceTree = "<group>";
		};
		3992C11C2381AFDA002CA200 /* socket */ = {
			isa = PBXGroup;
			children = (
				3992C11D2381B00B002CA200 /* Initiator.cpp */,
				3992C11E2381B00B002CA200 /* Initiator.hpp */,
				3992C1202381B056002CA200 /* Target.cpp */,
				3992C1212381B056002CA200 /* Target.hpp */,
				3992C1232381B088002CA200 /* Top.cpp */,
				3992C1242381B088002CA200 /* Top.hpp */,
				3992C1262381B0E6002CA200 /* Testbench.cpp */,
				3992C1272381B0E6002CA200 /* Testbench.hpp */,
			);
			path = socket;
			sourceTree = "<group>";
		};
		3992C1292381B91B002CA200 /* at_example */ = {
			isa = PBXGroup;
			children = (
				3992C4892383098B002CA200 /* reporting.h */,
				3992C487238306E2002CA200 /* Master.cpp */,
				3992C486238306DE002CA200 /* Master.hpp */,
				3992C12A2381B91B002CA200 /* at_typeb_target.h */,
				3992C12B2381B91B002CA200 /* at_typec_target.h */,
				3992C12C2381B91B002CA200 /* at_example_proj.vcproj */,
				3992C12D2381B91B002CA200 /* mm.h */,
				3992C12E2381B91B002CA200 /* common_header.h */,
				3992C12F2381B91B002CA200 /* at_typee_target.h */,
				3992C1302381B91B002CA200 /* at_typed_target.h */,
				3992C1312381B91B002CA200 /* tlm2_base_protocol_checker.h */,
				3992C1322381B91B002CA200 /* at_typea_initiator.h */,
				3992C1332381B91B002CA200 /* at_interconnect.h */,
				3992C1342381B91B002CA200 /* at_typea_target.h */,
				3992C1352381B91B002CA200 /* at_example.cpp */,
				3992C48D2383619A002CA200 /* warps_pool.cpp */,
				3992C48E2383619A002CA200 /* warps_pool.hpp */,
				3992C1362381B91B002CA200 /* at_typeb_initiator.h */,
				3992C48A23835F09002CA200 /* warp.cpp */,
				3992C48B23835F09002CA200 /* warp.hpp */,
			);
			name = at_example;
			path = ../../../../Downloads/at_example;
			sourceTree = "<group>";
		};
		3992C1382381EEA5002CA200 /* sockets_examples */ = {
			isa = PBXGroup;
			children = (
			);
			path = sockets_examples;
			sourceTree = "<group>";
		};
		39C2A2D023413BE400071804 = {
			isa = PBXGroup;
			children = (
				39C2A2DB23413BE400071804 /* SystemCEvents */,
				39C2A2DA23413BE400071804 /* Products */,
				39C2A2E323413CE000071804 /* Frameworks */,
			);
			sourceTree = "<group>";
		};
		39C2A2DA23413BE400071804 /* Products */ = {
			isa = PBXGroup;
			children = (
				39C2A2D923413BE400071804 /* SystemCEvents */,
			);
			name = Products;
			sourceTree = "<group>";
		};
		39C2A2DB23413BE400071804 /* SystemCEvents */ = {
			isa = PBXGroup;
			children = (
				3992C1382381EEA5002CA200 /* sockets_examples */,
				3992C1292381B91B002CA200 /* at_example */,
				3992C11C2381AFDA002CA200 /* socket */,
				396B858E2346886700FE3A93 /* tests */,
				39C2A2DC23413BE400071804 /* main.cpp */,
				396B8582234519E300FE3A93 /* icache.cpp */,
				396B8583234519E300FE3A93 /* icache.hpp */,
				394A38BE234140CA00699906 /* fifo.cpp */,
				394A38BF234140CA00699906 /* fifo.hpp */,
				394A38C123416B7700699906 /* sc_spawn_test.cpp */,
				396B858523467AE200FE3A93 /* transaction.cpp */,
				396B858623467AE200FE3A93 /* transaction.hpp */,
				396B858823467BB900FE3A93 /* instruction.cpp */,
				396B858923467BB900FE3A93 /* instruction.hpp */,
				396B858B2346808400FE3A93 /* shader.cpp */,
				396B858C2346808400FE3A93 /* shader.hpp */,
			);
			path = SystemCEvents;
			sourceTree = "<group>";
		};
		39C2A2E323413CE000071804 /* Frameworks */ = {
			isa = PBXGroup;
			children = (
				39C2A2E423413CE000071804 /* libsystemc.dylib */,
			);
			name = Frameworks;
			sourceTree = "<group>";
		};
/* End PBXGroup section */

/* Begin PBXNativeTarget section */
		39C2A2D823413BE400071804 /* SystemCEvents */ = {
			isa = PBXNativeTarget;
			buildConfigurationList = 39C2A2E023413BE400071804 /* Build configuration list for PBXNativeTarget "SystemCEvents" */;
			buildPhases = (
				39C2A2D523413BE400071804 /* Sources */,
				39C2A2D623413BE400071804 /* Frameworks */,
				39C2A2D723413BE400071804 /* CopyFiles */,
			);
			buildRules = (
			);
			dependencies = (
			);
			name = SystemCEvents;
			productName = SystemCEvents;
			productReference = 39C2A2D923413BE400071804 /* SystemCEvents */;
			productType = "com.apple.product-type.tool";
		};
/* End PBXNativeTarget section */

/* Begin PBXProject section */
		39C2A2D123413BE400071804 /* Project object */ = {
			isa = PBXProject;
			attributes = {
				LastUpgradeCheck = 1100;
				ORGANIZATIONNAME = "Armen Khachatryan";
				TargetAttributes = {
					39C2A2D823413BE400071804 = {
						CreatedOnToolsVersion = 11.0;
					};
				};
			};
			buildConfigurationList = 39C2A2D423413BE400071804 /* Build configuration list for PBXProject "SystemCEvents" */;
			compatibilityVersion = "Xcode 9.3";
			developmentRegion = en;
			hasScannedForEncodings = 0;
			knownRegions = (
				en,
				Base,
			);
			mainGroup = 39C2A2D023413BE400071804;
			productRefGroup = 39C2A2DA23413BE400071804 /* Products */;
			projectDirPath = "";
			projectRoot = "";
			targets = (
				39C2A2D823413BE400071804 /* SystemCEvents */,
			);
		};
/* End PBXProject section */

/* Begin PBXSourcesBuildPhase section */
		39C2A2D523413BE400071804 /* Sources */ = {
			isa = PBXSourcesBuildPhase;
			buildActionMask = 2147483647;
			files = (
				396B858D2346808400FE3A93 /* shader.cpp in Sources */,
				3992C11F2381B00B002CA200 /* Initiator.cpp in Sources */,
				396B858A23467BB900FE3A93 /* instruction.cpp in Sources */,
				3992C48C23835F09002CA200 /* warp.cpp in Sources */,
				3992C1252381B088002CA200 /* Top.cpp in Sources */,
				396B858723467AE200FE3A93 /* transaction.cpp in Sources */,
				396B8584234519E300FE3A93 /* icache.cpp in Sources */,
				3992C488238306E2002CA200 /* Master.cpp in Sources */,
				3992C1282381B0E6002CA200 /* Testbench.cpp in Sources */,
				39C2A2DD23413BE400071804 /* main.cpp in Sources */,
				394A38C223416B7700699906 /* sc_spawn_test.cpp in Sources */,
				3992C48F2383619A002CA200 /* warps_pool.cpp in Sources */,
				396B85942346922800FE3A93 /* ICachTest.cpp in Sources */,
				396B85912346888A00FE3A93 /* ShaderTest.cpp in Sources */,
				3992C1372381B91B002CA200 /* at_example.cpp in Sources */,
				3992C1222381B056002CA200 /* Target.cpp in Sources */,
				394A38C0234140CA00699906 /* fifo.cpp in Sources */,
			);
			runOnlyForDeploymentPostprocessing = 0;
		};
/* End PBXSourcesBuildPhase section */

/* Begin XCBuildConfiguration section */
		39C2A2DE23413BE400071804 /* Debug */ = {
			isa = XCBuildConfiguration;
			buildSettings = {
				ALWAYS_SEARCH_USER_PATHS = NO;
				CLANG_ANALYZER_NONNULL = YES;
				CLANG_ANALYZER_NUMBER_OBJECT_CONVERSION = YES_AGGRESSIVE;
				CLANG_CXX_LANGUAGE_STANDARD = "gnu++14";
				CLANG_CXX_LIBRARY = "libc++";
				CLANG_ENABLE_MODULES = YES;
				CLANG_ENABLE_OBJC_ARC = YES;
				CLANG_ENABLE_OBJC_WEAK = YES;
				CLANG_WARN_BLOCK_CAPTURE_AUTORELEASING = YES;
				CLANG_WARN_BOOL_CONVERSION = YES;
				CLANG_WARN_COMMA = YES;
				CLANG_WARN_CONSTANT_CONVERSION = YES;
				CLANG_WARN_DEPRECATED_OBJC_IMPLEMENTATIONS = YES;
				CLANG_WARN_DIRECT_OBJC_ISA_USAGE = YES_ERROR;
				CLANG_WARN_DOCUMENTATION_COMMENTS = YES;
				CLANG_WARN_EMPTY_BODY = YES;
				CLANG_WARN_ENUM_CONVERSION = YES;
				CLANG_WARN_INFINITE_RECURSION = YES;
				CLANG_WARN_INT_CONVERSION = YES;
				CLANG_WARN_NON_LITERAL_NULL_CONVERSION = YES;
				CLANG_WARN_OBJC_IMPLICIT_RETAIN_SELF = YES;
				CLANG_WARN_OBJC_LITERAL_CONVERSION = YES;
				CLANG_WARN_OBJC_ROOT_CLASS = YES_ERROR;
				CLANG_WARN_RANGE_LOOP_ANALYSIS = YES;
				CLANG_WARN_STRICT_PROTOTYPES = YES;
				CLANG_WARN_SUSPICIOUS_MOVE = YES;
				CLANG_WARN_UNGUARDED_AVAILABILITY = YES_AGGRESSIVE;
				CLANG_WARN_UNREACHABLE_CODE = YES;
				CLANG_WARN__DUPLICATE_METHOD_MATCH = YES;
				COPY_PHASE_STRIP = NO;
				DEBUG_INFORMATION_FORMAT = dwarf;
				ENABLE_STRICT_OBJC_MSGSEND = YES;
				ENABLE_TESTABILITY = YES;
				GCC_C_LANGUAGE_STANDARD = gnu11;
				GCC_DYNAMIC_NO_PIC = NO;
				GCC_NO_COMMON_BLOCKS = YES;
				GCC_OPTIMIZATION_LEVEL = 0;
				GCC_PREPROCESSOR_DEFINITIONS = (
					"DEBUG=1",
					"$(inherited)",
				);
				GCC_WARN_64_TO_32_BIT_CONVERSION = YES;
				GCC_WARN_ABOUT_RETURN_TYPE = YES_ERROR;
				GCC_WARN_UNDECLARED_SELECTOR = YES;
				GCC_WARN_UNINITIALIZED_AUTOS = YES_AGGRESSIVE;
				GCC_WARN_UNUSED_FUNCTION = YES;
				GCC_WARN_UNUSED_VARIABLE = YES;
				MACOSX_DEPLOYMENT_TARGET = 10.14;
				MTL_ENABLE_DEBUG_INFO = INCLUDE_SOURCE;
				MTL_FAST_MATH = YES;
				ONLY_ACTIVE_ARCH = YES;
				SDKROOT = macosx;
			};
			name = Debug;
		};
		39C2A2DF23413BE400071804 /* Release */ = {
			isa = XCBuildConfiguration;
			buildSettings = {
				ALWAYS_SEARCH_USER_PATHS = NO;
				CLANG_ANALYZER_NONNULL = YES;
				CLANG_ANALYZER_NUMBER_OBJECT_CONVERSION = YES_AGGRESSIVE;
				CLANG_CXX_LANGUAGE_STANDARD = "gnu++14";
				CLANG_CXX_LIBRARY = "libc++";
				CLANG_ENABLE_MODULES = YES;
				CLANG_ENABLE_OBJC_ARC = YES;
				CLANG_ENABLE_OBJC_WEAK = YES;
				CLANG_WARN_BLOCK_CAPTURE_AUTORELEASING = YES;
				CLANG_WARN_BOOL_CONVERSION = YES;
				CLANG_WARN_COMMA = YES;
				CLANG_WARN_CONSTANT_CONVERSION = YES;
				CLANG_WARN_DEPRECATED_OBJC_IMPLEMENTATIONS = YES;
				CLANG_WARN_DIRECT_OBJC_ISA_USAGE = YES_ERROR;
				CLANG_WARN_DOCUMENTATION_COMMENTS = YES;
				CLANG_WARN_EMPTY_BODY = YES;
				CLANG_WARN_ENUM_CONVERSION = YES;
				CLANG_WARN_INFINITE_RECURSION = YES;
				CLANG_WARN_INT_CONVERSION = YES;
				CLANG_WARN_NON_LITERAL_NULL_CONVERSION = YES;
				CLANG_WARN_OBJC_IMPLICIT_RETAIN_SELF = YES;
				CLANG_WARN_OBJC_LITERAL_CONVERSION = YES;
				CLANG_WARN_OBJC_ROOT_CLASS = YES_ERROR;
				CLANG_WARN_RANGE_LOOP_ANALYSIS = YES;
				CLANG_WARN_STRICT_PROTOTYPES = YES;
				CLANG_WARN_SUSPICIOUS_MOVE = YES;
				CLANG_WARN_UNGUARDED_AVAILABILITY = YES_AGGRESSIVE;
				CLANG_WARN_UNREACHABLE_CODE = YES;
				CLANG_WARN__DUPLICATE_METHOD_MATCH = YES;
				COPY_PHASE_STRIP = NO;
				DEBUG_INFORMATION_FORMAT = "dwarf-with-dsym";
				ENABLE_NS_ASSERTIONS = NO;
				ENABLE_STRICT_OBJC_MSGSEND = YES;
				GCC_C_LANGUAGE_STANDARD = gnu11;
				GCC_NO_COMMON_BLOCKS = YES;
				GCC_WARN_64_TO_32_BIT_CONVERSION = YES;
				GCC_WARN_ABOUT_RETURN_TYPE = YES_ERROR;
				GCC_WARN_UNDECLARED_SELECTOR = YES;
				GCC_WARN_UNINITIALIZED_AUTOS = YES_AGGRESSIVE;
				GCC_WARN_UNUSED_FUNCTION = YES;
				GCC_WARN_UNUSED_VARIABLE = YES;
				MACOSX_DEPLOYMENT_TARGET = 10.14;
				MTL_ENABLE_DEBUG_INFO = NO;
				MTL_FAST_MATH = YES;
				SDKROOT = macosx;
			};
			name = Release;
		};
		39C2A2E123413BE400071804 /* Debug */ = {
			isa = XCBuildConfiguration;
			buildSettings = {
				CLANG_CXX_LANGUAGE_STANDARD = "gnu++17";
				CLANG_CXX_LIBRARY = "libc++";
				CODE_SIGN_STYLE = Automatic;
				HEADER_SEARCH_PATHS = "/usr/local/systemc-2.3.3/include";
				LIBRARY_SEARCH_PATHS = (
					"$(inherited)",
					"/usr/local/systemc-2.3.3/lib",
				);
				PRODUCT_NAME = "$(TARGET_NAME)";
			};
			name = Debug;
		};
		39C2A2E223413BE400071804 /* Release */ = {
			isa = XCBuildConfiguration;
			buildSettings = {
				CLANG_CXX_LANGUAGE_STANDARD = "gnu++17";
				CLANG_CXX_LIBRARY = "libc++";
				CODE_SIGN_STYLE = Automatic;
				HEADER_SEARCH_PATHS = "/usr/local/systemc-2.3.3/include";
				LIBRARY_SEARCH_PATHS = (
					"$(inherited)",
					"/usr/local/systemc-2.3.3/lib",
				);
				PRODUCT_NAME = "$(TARGET_NAME)";
			};
			name = Release;
		};
/* End XCBuildConfiguration section */

/* Begin XCConfigurationList section */
		39C2A2D423413BE400071804 /* Build configuration list for PBXProject "SystemCEvents" */ = {
			isa = XCConfigurationList;
			buildConfigurations = (
				39C2A2DE23413BE400071804 /* Debug */,
				39C2A2DF23413BE400071804 /* Release */,
			);
			defaultConfigurationIsVisible = 0;
			defaultConfigurationName = Release;
		};
		39C2A2E023413BE400071804 /* Build configuration list for PBXNativeTarget "SystemCEvents" */ = {
			isa = XCConfigurationList;
			buildConfigurations = (
				39C2A2E123413BE400071804 /* Debug */,
				39C2A2E223413BE400071804 /* Release */,
			);
			defaultConfigurationIsVisible = 0;
			defaultConfigurationName = Release;
		};
/* End XCConfigurationList section */
	};
	rootObject = 39C2A2D123413BE400071804 /* Project object */;
}
